// !$*UTF8*$!
{
	archiveVersion = 1;
	classes = {
	};
	objectVersion = 51;
	objects = {

/* Begin PBXBuildFile section */
		323C1B22D9741168BEF55E8F /* Pods_PaypayCurrencyConverterUITests.framework in Frameworks */ = {isa = PBXBuildFile; fileRef = E48826A35E9E4D36811B8CA6 /* Pods_PaypayCurrencyConverterUITests.framework */; };
		88D2AB15CB01E20DE6680ABD /* Pods_PaypayCurrencyConverterTests.framework in Frameworks */ = {isa = PBXBuildFile; fileRef = 81FB72E43C846A1125EA3DFE /* Pods_PaypayCurrencyConverterTests.framework */; };
		C7B2867F3EC2FC19CCE40ACB /* Pods_PaypayCurrencyConverter.framework in Frameworks */ = {isa = PBXBuildFile; fileRef = 456DA87B6B67057FA8DFE8FF /* Pods_PaypayCurrencyConverter.framework */; };
		D19D81C525F3838D0074588C /* AppDelegate.swift in Sources */ = {isa = PBXBuildFile; fileRef = D19D81C425F3838D0074588C /* AppDelegate.swift */; };
		D19D81C725F3838D0074588C /* SceneDelegate.swift in Sources */ = {isa = PBXBuildFile; fileRef = D19D81C625F3838D0074588C /* SceneDelegate.swift */; };
		D19D81CE25F3838F0074588C /* Assets.xcassets in Resources */ = {isa = PBXBuildFile; fileRef = D19D81CD25F3838F0074588C /* Assets.xcassets */; };
		D19D81D125F3838F0074588C /* LaunchScreen.storyboard in Resources */ = {isa = PBXBuildFile; fileRef = D19D81CF25F3838F0074588C /* LaunchScreen.storyboard */; };
		D19D81DC25F383900074588C /* PaypayCurrencyConverterTests.swift in Sources */ = {isa = PBXBuildFile; fileRef = D19D81DB25F383900074588C /* PaypayCurrencyConverterTests.swift */; };
		D19D81E725F383900074588C /* PaypayCurrencyConverterUITests.swift in Sources */ = {isa = PBXBuildFile; fileRef = D19D81E625F383900074588C /* PaypayCurrencyConverterUITests.swift */; };
		D19D821C25F387990074588C /* CurrencyAPIService.swift in Sources */ = {isa = PBXBuildFile; fileRef = D19D821B25F387990074588C /* CurrencyAPIService.swift */; };
		D19D822125F388340074588C /* RequestType.swift in Sources */ = {isa = PBXBuildFile; fileRef = D19D822025F388340074588C /* RequestType.swift */; };
		D19D822625F389E00074588C /* CurrencyRequest.swift in Sources */ = {isa = PBXBuildFile; fileRef = D19D822525F389E00074588C /* CurrencyRequest.swift */; };
		D19D824125F39ADB0074588C /* APIResponseCurrencies.swift in Sources */ = {isa = PBXBuildFile; fileRef = D19D824025F39ADB0074588C /* APIResponseCurrencies.swift */; };
		D19D824625F39B180074588C /* APIResponseUSDRates.swift in Sources */ = {isa = PBXBuildFile; fileRef = D19D824525F39B180074588C /* APIResponseUSDRates.swift */; };
		D19D827025F3A2C00074588C /* Currency.swift in Sources */ = {isa = PBXBuildFile; fileRef = D19D826F25F3A2C00074588C /* Currency.swift */; };
		D19D827525F3A2F70074588C /* RateAndTimeStampCurrencies.swift in Sources */ = {isa = PBXBuildFile; fileRef = D19D827425F3A2F70074588C /* RateAndTimeStampCurrencies.swift */; };
		D19D828125F3D19E0074588C /* ExchangeCurrencyViewController.swift in Sources */ = {isa = PBXBuildFile; fileRef = D19D828025F3D19E0074588C /* ExchangeCurrencyViewController.swift */; };
		D19D828625F3D2360074588C /* ExchangeCurrencyVCViewModel.swift in Sources */ = {isa = PBXBuildFile; fileRef = D19D828525F3D2360074588C /* ExchangeCurrencyVCViewModel.swift */; };
		D19D828B25F3D2640074588C /* Bindable.swift in Sources */ = {isa = PBXBuildFile; fileRef = D19D828A25F3D2640074588C /* Bindable.swift */; };
		D19D829025F3D6BF0074588C /* CurrenciesPickerView.swift in Sources */ = {isa = PBXBuildFile; fileRef = D19D828F25F3D6BF0074588C /* CurrenciesPickerView.swift */; };
		D19D829925F3E6D20074588C /* SnapKitWithUIViewExtension.swift in Sources */ = {isa = PBXBuildFile; fileRef = D19D829825F3E6D20074588C /* SnapKitWithUIViewExtension.swift */; };
		D19D82AD25F490CE0074588C /* ExchangeCurrencyVCWithBindable.swift in Sources */ = {isa = PBXBuildFile; fileRef = D19D82AC25F490CE0074588C /* ExchangeCurrencyVCWithBindable.swift */; };
		D19D82B225F491050074588C /* ExchangeCurrencyVCWithUI.swift in Sources */ = {isa = PBXBuildFile; fileRef = D19D82B125F491050074588C /* ExchangeCurrencyVCWithUI.swift */; };
		D19D82BC25F491A40074588C /* ExchangeCurrencyVCWithCurrenciesPickerViewProtocol.swift in Sources */ = {isa = PBXBuildFile; fileRef = D19D82BB25F491A40074588C /* ExchangeCurrencyVCWithCurrenciesPickerViewProtocol.swift */; };
		D19D82DC25F497640074588C /* DisplayCurrenciesViewController.swift in Sources */ = {isa = PBXBuildFile; fileRef = D19D82DB25F497640074588C /* DisplayCurrenciesViewController.swift */; };
		D19D82E425F498F50074588C /* DisplayCurrenciesVCViewModel.swift in Sources */ = {isa = PBXBuildFile; fileRef = D19D82E325F498F50074588C /* DisplayCurrenciesVCViewModel.swift */; };
		D19D82E925F49B1C0074588C /* RateCurrency.swift in Sources */ = {isa = PBXBuildFile; fileRef = D19D82E825F49B1C0074588C /* RateCurrency.swift */; };
		D19D82F425F4A0900074588C /* DisplayCurrencyCell.swift in Sources */ = {isa = PBXBuildFile; fileRef = D19D82F325F4A0900074588C /* DisplayCurrencyCell.swift */; };
		D19D82F925F4A1470074588C /* DisplayCurrency.swift in Sources */ = {isa = PBXBuildFile; fileRef = D19D82F825F4A1470074588C /* DisplayCurrency.swift */; };
		D19D831025F4B3A30074588C /* Calculator.swift in Sources */ = {isa = PBXBuildFile; fileRef = D19D830F25F4B3A30074588C /* Calculator.swift */; };
		D19D831625F4B4580074588C /* AmountCurrency.swift in Sources */ = {isa = PBXBuildFile; fileRef = D19D831525F4B4580074588C /* AmountCurrency.swift */; };
		D19D834125F4F76D0074588C /* DownloadManager.swift in Sources */ = {isa = PBXBuildFile; fileRef = D19D834025F4F76D0074588C /* DownloadManager.swift */; };
		D19D836E25F5429D0074588C /* ExchangeCurrencyFlowViewController.swift in Sources */ = {isa = PBXBuildFile; fileRef = D19D836D25F5429D0074588C /* ExchangeCurrencyFlowViewController.swift */; };
		D19D837925F546680074588C /* ExchangeCurrencyFlowVCViewModel.swift in Sources */ = {isa = PBXBuildFile; fileRef = D19D837825F546680074588C /* ExchangeCurrencyFlowVCViewModel.swift */; };
/* End PBXBuildFile section */

/* Begin PBXContainerItemProxy section */
		D19D81D825F383900074588C /* PBXContainerItemProxy */ = {
			isa = PBXContainerItemProxy;
			containerPortal = D19D81B925F3838D0074588C /* Project object */;
			proxyType = 1;
			remoteGlobalIDString = D19D81C025F3838D0074588C;
			remoteInfo = PaypayCurrencyConverter;
		};
		D19D81E325F383900074588C /* PBXContainerItemProxy */ = {
			isa = PBXContainerItemProxy;
			containerPortal = D19D81B925F3838D0074588C /* Project object */;
			proxyType = 1;
			remoteGlobalIDString = D19D81C025F3838D0074588C;
			remoteInfo = PaypayCurrencyConverter;
		};
/* End PBXContainerItemProxy section */

/* Begin PBXFileReference section */
		011485BF3CBB5F3601E8DE07 /* Pods-PaypayCurrencyConverter.release.xcconfig */ = {isa = PBXFileReference; includeInIndex = 1; lastKnownFileType = text.xcconfig; name = "Pods-PaypayCurrencyConverter.release.xcconfig"; path = "Target Support Files/Pods-PaypayCurrencyConverter/Pods-PaypayCurrencyConverter.release.xcconfig"; sourceTree = "<group>"; };
		456DA87B6B67057FA8DFE8FF /* Pods_PaypayCurrencyConverter.framework */ = {isa = PBXFileReference; explicitFileType = wrapper.framework; includeInIndex = 0; path = Pods_PaypayCurrencyConverter.framework; sourceTree = BUILT_PRODUCTS_DIR; };
		70863269FF0E03ADFC2EA835 /* Pods-PaypayCurrencyConverterTests.release.xcconfig */ = {isa = PBXFileReference; includeInIndex = 1; lastKnownFileType = text.xcconfig; name = "Pods-PaypayCurrencyConverterTests.release.xcconfig"; path = "Target Support Files/Pods-PaypayCurrencyConverterTests/Pods-PaypayCurrencyConverterTests.release.xcconfig"; sourceTree = "<group>"; };
		81FB72E43C846A1125EA3DFE /* Pods_PaypayCurrencyConverterTests.framework */ = {isa = PBXFileReference; explicitFileType = wrapper.framework; includeInIndex = 0; path = Pods_PaypayCurrencyConverterTests.framework; sourceTree = BUILT_PRODUCTS_DIR; };
		877B16673A49ED285BB2FA43 /* Pods-PaypayCurrencyConverterTests.debug.xcconfig */ = {isa = PBXFileReference; includeInIndex = 1; lastKnownFileType = text.xcconfig; name = "Pods-PaypayCurrencyConverterTests.debug.xcconfig"; path = "Target Support Files/Pods-PaypayCurrencyConverterTests/Pods-PaypayCurrencyConverterTests.debug.xcconfig"; sourceTree = "<group>"; };
		8A1D49CFD5377A9F4338AD0B /* Pods-PaypayCurrencyConverter.debug.xcconfig */ = {isa = PBXFileReference; includeInIndex = 1; lastKnownFileType = text.xcconfig; name = "Pods-PaypayCurrencyConverter.debug.xcconfig"; path = "Target Support Files/Pods-PaypayCurrencyConverter/Pods-PaypayCurrencyConverter.debug.xcconfig"; sourceTree = "<group>"; };
		8A79973F79CF4FC2A87D0753 /* Pods-PaypayCurrencyConverterUITests.release.xcconfig */ = {isa = PBXFileReference; includeInIndex = 1; lastKnownFileType = text.xcconfig; name = "Pods-PaypayCurrencyConverterUITests.release.xcconfig"; path = "Target Support Files/Pods-PaypayCurrencyConverterUITests/Pods-PaypayCurrencyConverterUITests.release.xcconfig"; sourceTree = "<group>"; };
		D19D81C125F3838D0074588C /* PaypayCurrencyConverter.app */ = {isa = PBXFileReference; explicitFileType = wrapper.application; includeInIndex = 0; path = PaypayCurrencyConverter.app; sourceTree = BUILT_PRODUCTS_DIR; };
		D19D81C425F3838D0074588C /* AppDelegate.swift */ = {isa = PBXFileReference; lastKnownFileType = sourcecode.swift; path = AppDelegate.swift; sourceTree = "<group>"; };
		D19D81C625F3838D0074588C /* SceneDelegate.swift */ = {isa = PBXFileReference; lastKnownFileType = sourcecode.swift; path = SceneDelegate.swift; sourceTree = "<group>"; };
		D19D81CD25F3838F0074588C /* Assets.xcassets */ = {isa = PBXFileReference; lastKnownFileType = folder.assetcatalog; path = Assets.xcassets; sourceTree = "<group>"; };
		D19D81D025F3838F0074588C /* Base */ = {isa = PBXFileReference; lastKnownFileType = file.storyboard; name = Base; path = Base.lproj/LaunchScreen.storyboard; sourceTree = "<group>"; };
		D19D81D225F3838F0074588C /* Info.plist */ = {isa = PBXFileReference; lastKnownFileType = text.plist.xml; path = Info.plist; sourceTree = "<group>"; };
		D19D81D725F383900074588C /* PaypayCurrencyConverterTests.xctest */ = {isa = PBXFileReference; explicitFileType = wrapper.cfbundle; includeInIndex = 0; path = PaypayCurrencyConverterTests.xctest; sourceTree = BUILT_PRODUCTS_DIR; };
		D19D81DB25F383900074588C /* PaypayCurrencyConverterTests.swift */ = {isa = PBXFileReference; lastKnownFileType = sourcecode.swift; path = PaypayCurrencyConverterTests.swift; sourceTree = "<group>"; };
		D19D81DD25F383900074588C /* Info.plist */ = {isa = PBXFileReference; lastKnownFileType = text.plist.xml; path = Info.plist; sourceTree = "<group>"; };
		D19D81E225F383900074588C /* PaypayCurrencyConverterUITests.xctest */ = {isa = PBXFileReference; explicitFileType = wrapper.cfbundle; includeInIndex = 0; path = PaypayCurrencyConverterUITests.xctest; sourceTree = BUILT_PRODUCTS_DIR; };
		D19D81E625F383900074588C /* PaypayCurrencyConverterUITests.swift */ = {isa = PBXFileReference; lastKnownFileType = sourcecode.swift; path = PaypayCurrencyConverterUITests.swift; sourceTree = "<group>"; };
		D19D81E825F383900074588C /* Info.plist */ = {isa = PBXFileReference; lastKnownFileType = text.plist.xml; path = Info.plist; sourceTree = "<group>"; };
		D19D821B25F387990074588C /* CurrencyAPIService.swift */ = {isa = PBXFileReference; lastKnownFileType = sourcecode.swift; path = CurrencyAPIService.swift; sourceTree = "<group>"; };
		D19D822025F388340074588C /* RequestType.swift */ = {isa = PBXFileReference; lastKnownFileType = sourcecode.swift; path = RequestType.swift; sourceTree = "<group>"; };
		D19D822525F389E00074588C /* CurrencyRequest.swift */ = {isa = PBXFileReference; lastKnownFileType = sourcecode.swift; path = CurrencyRequest.swift; sourceTree = "<group>"; };
		D19D824025F39ADB0074588C /* APIResponseCurrencies.swift */ = {isa = PBXFileReference; lastKnownFileType = sourcecode.swift; path = APIResponseCurrencies.swift; sourceTree = "<group>"; };
		D19D824525F39B180074588C /* APIResponseUSDRates.swift */ = {isa = PBXFileReference; lastKnownFileType = sourcecode.swift; path = APIResponseUSDRates.swift; sourceTree = "<group>"; };
		D19D826F25F3A2C00074588C /* Currency.swift */ = {isa = PBXFileReference; lastKnownFileType = sourcecode.swift; path = Currency.swift; sourceTree = "<group>"; };
		D19D827425F3A2F70074588C /* RateAndTimeStampCurrencies.swift */ = {isa = PBXFileReference; lastKnownFileType = sourcecode.swift; path = RateAndTimeStampCurrencies.swift; sourceTree = "<group>"; };
		D19D828025F3D19E0074588C /* ExchangeCurrencyViewController.swift */ = {isa = PBXFileReference; lastKnownFileType = sourcecode.swift; path = ExchangeCurrencyViewController.swift; sourceTree = "<group>"; };
		D19D828525F3D2360074588C /* ExchangeCurrencyVCViewModel.swift */ = {isa = PBXFileReference; lastKnownFileType = sourcecode.swift; path = ExchangeCurrencyVCViewModel.swift; sourceTree = "<group>"; };
		D19D828A25F3D2640074588C /* Bindable.swift */ = {isa = PBXFileReference; lastKnownFileType = sourcecode.swift; path = Bindable.swift; sourceTree = "<group>"; };
		D19D828F25F3D6BF0074588C /* CurrenciesPickerView.swift */ = {isa = PBXFileReference; lastKnownFileType = sourcecode.swift; path = CurrenciesPickerView.swift; sourceTree = "<group>"; };
		D19D829825F3E6D20074588C /* SnapKitWithUIViewExtension.swift */ = {isa = PBXFileReference; lastKnownFileType = sourcecode.swift; path = SnapKitWithUIViewExtension.swift; sourceTree = "<group>"; };
		D19D82AC25F490CE0074588C /* ExchangeCurrencyVCWithBindable.swift */ = {isa = PBXFileReference; lastKnownFileType = sourcecode.swift; path = ExchangeCurrencyVCWithBindable.swift; sourceTree = "<group>"; };
		D19D82B125F491050074588C /* ExchangeCurrencyVCWithUI.swift */ = {isa = PBXFileReference; lastKnownFileType = sourcecode.swift; path = ExchangeCurrencyVCWithUI.swift; sourceTree = "<group>"; };
		D19D82BB25F491A40074588C /* ExchangeCurrencyVCWithCurrenciesPickerViewProtocol.swift */ = {isa = PBXFileReference; lastKnownFileType = sourcecode.swift; path = ExchangeCurrencyVCWithCurrenciesPickerViewProtocol.swift; sourceTree = "<group>"; };
		D19D82DB25F497640074588C /* DisplayCurrenciesViewController.swift */ = {isa = PBXFileReference; lastKnownFileType = sourcecode.swift; path = DisplayCurrenciesViewController.swift; sourceTree = "<group>"; };
		D19D82E325F498F50074588C /* DisplayCurrenciesVCViewModel.swift */ = {isa = PBXFileReference; lastKnownFileType = sourcecode.swift; path = DisplayCurrenciesVCViewModel.swift; sourceTree = "<group>"; };
		D19D82E825F49B1C0074588C /* RateCurrency.swift */ = {isa = PBXFileReference; lastKnownFileType = sourcecode.swift; path = RateCurrency.swift; sourceTree = "<group>"; };
		D19D82F325F4A0900074588C /* DisplayCurrencyCell.swift */ = {isa = PBXFileReference; lastKnownFileType = sourcecode.swift; path = DisplayCurrencyCell.swift; sourceTree = "<group>"; };
		D19D82F825F4A1470074588C /* DisplayCurrency.swift */ = {isa = PBXFileReference; lastKnownFileType = sourcecode.swift; path = DisplayCurrency.swift; sourceTree = "<group>"; };
		D19D830F25F4B3A30074588C /* Calculator.swift */ = {isa = PBXFileReference; lastKnownFileType = sourcecode.swift; path = Calculator.swift; sourceTree = "<group>"; };
		D19D831525F4B4580074588C /* AmountCurrency.swift */ = {isa = PBXFileReference; lastKnownFileType = sourcecode.swift; path = AmountCurrency.swift; sourceTree = "<group>"; };
		D19D834025F4F76D0074588C /* DownloadManager.swift */ = {isa = PBXFileReference; lastKnownFileType = sourcecode.swift; path = DownloadManager.swift; sourceTree = "<group>"; };
		D19D836D25F5429D0074588C /* ExchangeCurrencyFlowViewController.swift */ = {isa = PBXFileReference; lastKnownFileType = sourcecode.swift; path = ExchangeCurrencyFlowViewController.swift; sourceTree = "<group>"; };
		D19D837825F546680074588C /* ExchangeCurrencyFlowVCViewModel.swift */ = {isa = PBXFileReference; lastKnownFileType = sourcecode.swift; path = ExchangeCurrencyFlowVCViewModel.swift; sourceTree = "<group>"; };
		DA29EDBEF510C845FD321460 /* Pods-PaypayCurrencyConverterUITests.debug.xcconfig */ = {isa = PBXFileReference; includeInIndex = 1; lastKnownFileType = text.xcconfig; name = "Pods-PaypayCurrencyConverterUITests.debug.xcconfig"; path = "Target Support Files/Pods-PaypayCurrencyConverterUITests/Pods-PaypayCurrencyConverterUITests.debug.xcconfig"; sourceTree = "<group>"; };
		E48826A35E9E4D36811B8CA6 /* Pods_PaypayCurrencyConverterUITests.framework */ = {isa = PBXFileReference; explicitFileType = wrapper.framework; includeInIndex = 0; path = Pods_PaypayCurrencyConverterUITests.framework; sourceTree = BUILT_PRODUCTS_DIR; };
/* End PBXFileReference section */

/* Begin PBXFrameworksBuildPhase section */
		D19D81BE25F3838D0074588C /* Frameworks */ = {
			isa = PBXFrameworksBuildPhase;
			buildActionMask = 2147483647;
			files = (
				C7B2867F3EC2FC19CCE40ACB /* Pods_PaypayCurrencyConverter.framework in Frameworks */,
			);
			runOnlyForDeploymentPostprocessing = 0;
		};
		D19D81D425F383900074588C /* Frameworks */ = {
			isa = PBXFrameworksBuildPhase;
			buildActionMask = 2147483647;
			files = (
				88D2AB15CB01E20DE6680ABD /* Pods_PaypayCurrencyConverterTests.framework in Frameworks */,
			);
			runOnlyForDeploymentPostprocessing = 0;
		};
		D19D81DF25F383900074588C /* Frameworks */ = {
			isa = PBXFrameworksBuildPhase;
			buildActionMask = 2147483647;
			files = (
				323C1B22D9741168BEF55E8F /* Pods_PaypayCurrencyConverterUITests.framework in Frameworks */,
			);
			runOnlyForDeploymentPostprocessing = 0;
		};
/* End PBXFrameworksBuildPhase section */

/* Begin PBXGroup section */
		53C101FFD770191DFEC241C9 /* Pods */ = {
			isa = PBXGroup;
			children = (
				8A1D49CFD5377A9F4338AD0B /* Pods-PaypayCurrencyConverter.debug.xcconfig */,
				011485BF3CBB5F3601E8DE07 /* Pods-PaypayCurrencyConverter.release.xcconfig */,
				877B16673A49ED285BB2FA43 /* Pods-PaypayCurrencyConverterTests.debug.xcconfig */,
				70863269FF0E03ADFC2EA835 /* Pods-PaypayCurrencyConverterTests.release.xcconfig */,
				DA29EDBEF510C845FD321460 /* Pods-PaypayCurrencyConverterUITests.debug.xcconfig */,
				8A79973F79CF4FC2A87D0753 /* Pods-PaypayCurrencyConverterUITests.release.xcconfig */,
			);
			path = Pods;
			sourceTree = "<group>";
		};
		D19D81B825F3838D0074588C = {
			isa = PBXGroup;
			children = (
				D19D81C325F3838D0074588C /* PaypayCurrencyConverter */,
				D19D81DA25F383900074588C /* PaypayCurrencyConverterTests */,
				D19D81E525F383900074588C /* PaypayCurrencyConverterUITests */,
				D19D81C225F3838D0074588C /* Products */,
				53C101FFD770191DFEC241C9 /* Pods */,
				FF3FD698CDC7CF32048A6EAD /* Frameworks */,
			);
			sourceTree = "<group>";
		};
		D19D81C225F3838D0074588C /* Products */ = {
			isa = PBXGroup;
			children = (
				D19D81C125F3838D0074588C /* PaypayCurrencyConverter.app */,
				D19D81D725F383900074588C /* PaypayCurrencyConverterTests.xctest */,
				D19D81E225F383900074588C /* PaypayCurrencyConverterUITests.xctest */,
			);
			name = Products;
			sourceTree = "<group>";
		};
		D19D81C325F3838D0074588C /* PaypayCurrencyConverter */ = {
			isa = PBXGroup;
			children = (
				D19D81C425F3838D0074588C /* AppDelegate.swift */,
				D19D81C625F3838D0074588C /* SceneDelegate.swift */,
				D19D835E25F53CD20074588C /* Coordinator */,
				D19D833F25F4F75D0074588C /* DownloadManager */,
				D19D830E25F4AED40074588C /* Calculator */,
				D19D829425F3E6B80074588C /* Utils */,
				D19D829D25F4902E0074588C /* CurrenciesPickerView */,
				D19D827F25F3D1760074588C /* ExchangeCurrencyPage */,
				D19D82DA25F497490074588C /* DisplayCurrenciesPage */,
				D19D821A25F387750074588C /* APIService */,
				D19D823725F39A470074588C /* Models */,
				D19D81CD25F3838F0074588C /* Assets.xcassets */,
				D19D81CF25F3838F0074588C /* LaunchScreen.storyboard */,
				D19D81D225F3838F0074588C /* Info.plist */,
			);
			path = PaypayCurrencyConverter;
			sourceTree = "<group>";
		};
		D19D81DA25F383900074588C /* PaypayCurrencyConverterTests */ = {
			isa = PBXGroup;
			children = (
				D19D81DB25F383900074588C /* PaypayCurrencyConverterTests.swift */,
				D19D81DD25F383900074588C /* Info.plist */,
			);
			path = PaypayCurrencyConverterTests;
			sourceTree = "<group>";
		};
		D19D81E525F383900074588C /* PaypayCurrencyConverterUITests */ = {
			isa = PBXGroup;
			children = (
				D19D81E625F383900074588C /* PaypayCurrencyConverterUITests.swift */,
				D19D81E825F383900074588C /* Info.plist */,
			);
			path = PaypayCurrencyConverterUITests;
			sourceTree = "<group>";
		};
		D19D821A25F387750074588C /* APIService */ = {
			isa = PBXGroup;
			children = (
				D19D822025F388340074588C /* RequestType.swift */,
				D19D822525F389E00074588C /* CurrencyRequest.swift */,
				D19D821B25F387990074588C /* CurrencyAPIService.swift */,
			);
			path = APIService;
			sourceTree = "<group>";
		};
		D19D823725F39A470074588C /* Models */ = {
			isa = PBXGroup;
			children = (
				D19D825D25F3A0290074588C /* APIResponseModels */,
				D19D826F25F3A2C00074588C /* Currency.swift */,
				D19D827425F3A2F70074588C /* RateAndTimeStampCurrencies.swift */,
				D19D82E825F49B1C0074588C /* RateCurrency.swift */,
			);
			path = Models;
			sourceTree = "<group>";
		};
		D19D825D25F3A0290074588C /* APIResponseModels */ = {
			isa = PBXGroup;
			children = (
				D19D824025F39ADB0074588C /* APIResponseCurrencies.swift */,
				D19D824525F39B180074588C /* APIResponseUSDRates.swift */,
			);
			path = APIResponseModels;
			sourceTree = "<group>";
		};
		D19D827F25F3D1760074588C /* ExchangeCurrencyPage */ = {
			isa = PBXGroup;
			children = (
				D19D82A425F490510074588C /* ViewController */,
				D19D82A825F4905F0074588C /* ViewModel */,
				D19D831425F4B4440074588C /* Model */,
			);
			path = ExchangeCurrencyPage;
			sourceTree = "<group>";
		};
		D19D829425F3E6B80074588C /* Utils */ = {
			isa = PBXGroup;
			children = (
				D19D828A25F3D2640074588C /* Bindable.swift */,
				D19D829825F3E6D20074588C /* SnapKitWithUIViewExtension.swift */,
			);
			path = Utils;
			sourceTree = "<group>";
		};
		D19D829D25F4902E0074588C /* CurrenciesPickerView */ = {
			isa = PBXGroup;
			children = (
				D19D828F25F3D6BF0074588C /* CurrenciesPickerView.swift */,
			);
			path = CurrenciesPickerView;
			sourceTree = "<group>";
		};
		D19D82A425F490510074588C /* ViewController */ = {
			isa = PBXGroup;
			children = (
				D19D828025F3D19E0074588C /* ExchangeCurrencyViewController.swift */,
				D19D82AC25F490CE0074588C /* ExchangeCurrencyVCWithBindable.swift */,
				D19D82B125F491050074588C /* ExchangeCurrencyVCWithUI.swift */,
				D19D82BB25F491A40074588C /* ExchangeCurrencyVCWithCurrenciesPickerViewProtocol.swift */,
			);
			path = ViewController;
			sourceTree = "<group>";
		};
		D19D82A825F4905F0074588C /* ViewModel */ = {
			isa = PBXGroup;
			children = (
				D19D828525F3D2360074588C /* ExchangeCurrencyVCViewModel.swift */,
			);
			path = ViewModel;
			sourceTree = "<group>";
		};
		D19D82DA25F497490074588C /* DisplayCurrenciesPage */ = {
			isa = PBXGroup;
			children = (
				D19D832925F4C6B00074588C /* ViewController */,
				D19D833125F4C6BE0074588C /* ViewModel */,
				D19D832D25F4C6B70074588C /* Cell */,
				D19D833525F4C6C90074588C /* Model */,
			);
			path = DisplayCurrenciesPage;
			sourceTree = "<group>";
		};
		D19D830E25F4AED40074588C /* Calculator */ = {
			isa = PBXGroup;
			children = (
				D19D830F25F4B3A30074588C /* Calculator.swift */,
			);
			path = Calculator;
			sourceTree = "<group>";
		};
		D19D831425F4B4440074588C /* Model */ = {
			isa = PBXGroup;
			children = (
				D19D831525F4B4580074588C /* AmountCurrency.swift */,
			);
			path = Model;
			sourceTree = "<group>";
		};
		D19D832925F4C6B00074588C /* ViewController */ = {
			isa = PBXGroup;
			children = (
				D19D82DB25F497640074588C /* DisplayCurrenciesViewController.swift */,
			);
			path = ViewController;
			sourceTree = "<group>";
		};
		D19D832D25F4C6B70074588C /* Cell */ = {
			isa = PBXGroup;
			children = (
				D19D82F325F4A0900074588C /* DisplayCurrencyCell.swift */,
			);
			path = Cell;
			sourceTree = "<group>";
		};
		D19D833125F4C6BE0074588C /* ViewModel */ = {
			isa = PBXGroup;
			children = (
				D19D82E325F498F50074588C /* DisplayCurrenciesVCViewModel.swift */,
			);
			path = ViewModel;
			sourceTree = "<group>";
		};
		D19D833525F4C6C90074588C /* Model */ = {
			isa = PBXGroup;
			children = (
				D19D82F825F4A1470074588C /* DisplayCurrency.swift */,
			);
			path = Model;
			sourceTree = "<group>";
		};
		D19D833F25F4F75D0074588C /* DownloadManager */ = {
			isa = PBXGroup;
			children = (
				D19D834025F4F76D0074588C /* DownloadManager.swift */,
			);
			path = DownloadManager;
			sourceTree = "<group>";
		};
		D19D835E25F53CD20074588C /* Coordinator */ = {
			isa = PBXGroup;
			children = (
				D19D836D25F5429D0074588C /* ExchangeCurrencyFlowViewController.swift */,
				D19D837825F546680074588C /* ExchangeCurrencyFlowVCViewModel.swift */,
			);
			path = Coordinator;
			sourceTree = "<group>";
		};
		FF3FD698CDC7CF32048A6EAD /* Frameworks */ = {
			isa = PBXGroup;
			children = (
				456DA87B6B67057FA8DFE8FF /* Pods_PaypayCurrencyConverter.framework */,
				81FB72E43C846A1125EA3DFE /* Pods_PaypayCurrencyConverterTests.framework */,
				E48826A35E9E4D36811B8CA6 /* Pods_PaypayCurrencyConverterUITests.framework */,
			);
			name = Frameworks;
			sourceTree = "<group>";
		};
/* End PBXGroup section */

/* Begin PBXNativeTarget section */
		D19D81C025F3838D0074588C /* PaypayCurrencyConverter */ = {
			isa = PBXNativeTarget;
			buildConfigurationList = D19D81EB25F383900074588C /* Build configuration list for PBXNativeTarget "PaypayCurrencyConverter" */;
			buildPhases = (
				8C8C1785C4B3325748ADDCAB /* [CP] Check Pods Manifest.lock */,
				D19D81BD25F3838D0074588C /* Sources */,
				D19D81BE25F3838D0074588C /* Frameworks */,
				D19D81BF25F3838D0074588C /* Resources */,
				8F8B2B24806EB24F89807082 /* [CP] Embed Pods Frameworks */,
			);
			buildRules = (
			);
			dependencies = (
			);
			name = PaypayCurrencyConverter;
			productName = PaypayCurrencyConverter;
			productReference = D19D81C125F3838D0074588C /* PaypayCurrencyConverter.app */;
			productType = "com.apple.product-type.application";
		};
		D19D81D625F383900074588C /* PaypayCurrencyConverterTests */ = {
			isa = PBXNativeTarget;
			buildConfigurationList = D19D81EE25F383900074588C /* Build configuration list for PBXNativeTarget "PaypayCurrencyConverterTests" */;
			buildPhases = (
				276ECD61413C791A7A51207B /* [CP] Check Pods Manifest.lock */,
				D19D81D325F383900074588C /* Sources */,
				D19D81D425F383900074588C /* Frameworks */,
				D19D81D525F383900074588C /* Resources */,
				3C1C4D466D467D138EC64AC2 /* [CP] Embed Pods Frameworks */,
			);
			buildRules = (
			);
			dependencies = (
				D19D81D925F383900074588C /* PBXTargetDependency */,
			);
			name = PaypayCurrencyConverterTests;
			productName = PaypayCurrencyConverterTests;
			productReference = D19D81D725F383900074588C /* PaypayCurrencyConverterTests.xctest */;
			productType = "com.apple.product-type.bundle.unit-test";
		};
		D19D81E125F383900074588C /* PaypayCurrencyConverterUITests */ = {
			isa = PBXNativeTarget;
			buildConfigurationList = D19D81F125F383900074588C /* Build configuration list for PBXNativeTarget "PaypayCurrencyConverterUITests" */;
			buildPhases = (
				917266404FF194BEB490EC2D /* [CP] Check Pods Manifest.lock */,
				D19D81DE25F383900074588C /* Sources */,
				D19D81DF25F383900074588C /* Frameworks */,
				D19D81E025F383900074588C /* Resources */,
			);
			buildRules = (
			);
			dependencies = (
				D19D81E425F383900074588C /* PBXTargetDependency */,
			);
			name = PaypayCurrencyConverterUITests;
			productName = PaypayCurrencyConverterUITests;
			productReference = D19D81E225F383900074588C /* PaypayCurrencyConverterUITests.xctest */;
			productType = "com.apple.product-type.bundle.ui-testing";
		};
/* End PBXNativeTarget section */

/* Begin PBXProject section */
		D19D81B925F3838D0074588C /* Project object */ = {
			isa = PBXProject;
			attributes = {
				LastSwiftUpdateCheck = 1240;
				LastUpgradeCheck = 1240;
				TargetAttributes = {
					D19D81C025F3838D0074588C = {
						CreatedOnToolsVersion = 12.4;
					};
					D19D81D625F383900074588C = {
						CreatedOnToolsVersion = 12.4;
						TestTargetID = D19D81C025F3838D0074588C;
					};
					D19D81E125F383900074588C = {
						CreatedOnToolsVersion = 12.4;
						TestTargetID = D19D81C025F3838D0074588C;
					};
				};
			};
			buildConfigurationList = D19D81BC25F3838D0074588C /* Build configuration list for PBXProject "PaypayCurrencyConverter" */;
			compatibilityVersion = "Xcode 9.3";
			developmentRegion = en;
			hasScannedForEncodings = 0;
			knownRegions = (
				en,
				Base,
			);
			mainGroup = D19D81B825F3838D0074588C;
			productRefGroup = D19D81C225F3838D0074588C /* Products */;
			projectDirPath = "";
			projectRoot = "";
			targets = (
				D19D81C025F3838D0074588C /* PaypayCurrencyConverter */,
				D19D81D625F383900074588C /* PaypayCurrencyConverterTests */,
				D19D81E125F383900074588C /* PaypayCurrencyConverterUITests */,
			);
		};
/* End PBXProject section */

/* Begin PBXResourcesBuildPhase section */
		D19D81BF25F3838D0074588C /* Resources */ = {
			isa = PBXResourcesBuildPhase;
			buildActionMask = 2147483647;
			files = (
				D19D81D125F3838F0074588C /* LaunchScreen.storyboard in Resources */,
				D19D81CE25F3838F0074588C /* Assets.xcassets in Resources */,
			);
			runOnlyForDeploymentPostprocessing = 0;
		};
		D19D81D525F383900074588C /* Resources */ = {
			isa = PBXResourcesBuildPhase;
			buildActionMask = 2147483647;
			files = (
			);
			runOnlyForDeploymentPostprocessing = 0;
		};
		D19D81E025F383900074588C /* Resources */ = {
			isa = PBXResourcesBuildPhase;
			buildActionMask = 2147483647;
			files = (
			);
			runOnlyForDeploymentPostprocessing = 0;
		};
/* End PBXResourcesBuildPhase section */

/* Begin PBXShellScriptBuildPhase section */
		276ECD61413C791A7A51207B /* [CP] Check Pods Manifest.lock */ = {
			isa = PBXShellScriptBuildPhase;
			buildActionMask = 2147483647;
			files = (
			);
			inputFileListPaths = (
			);
			inputPaths = (
				"${PODS_PODFILE_DIR_PATH}/Podfile.lock",
				"${PODS_ROOT}/Manifest.lock",
			);
			name = "[CP] Check Pods Manifest.lock";
			outputFileListPaths = (
			);
			outputPaths = (
				"$(DERIVED_FILE_DIR)/Pods-PaypayCurrencyConverterTests-checkManifestLockResult.txt",
			);
			runOnlyForDeploymentPostprocessing = 0;
			shellPath = /bin/sh;
			shellScript = "diff \"${PODS_PODFILE_DIR_PATH}/Podfile.lock\" \"${PODS_ROOT}/Manifest.lock\" > /dev/null\nif [ $? != 0 ] ; then\n    # print error to STDERR\n    echo \"error: The sandbox is not in sync with the Podfile.lock. Run 'pod install' or update your CocoaPods installation.\" >&2\n    exit 1\nfi\n# This output is used by Xcode 'outputs' to avoid re-running this script phase.\necho \"SUCCESS\" > \"${SCRIPT_OUTPUT_FILE_0}\"\n";
			showEnvVarsInLog = 0;
		};
		3C1C4D466D467D138EC64AC2 /* [CP] Embed Pods Frameworks */ = {
			isa = PBXShellScriptBuildPhase;
			buildActionMask = 2147483647;
			files = (
			);
			inputFileListPaths = (
				"${PODS_ROOT}/Target Support Files/Pods-PaypayCurrencyConverterTests/Pods-PaypayCurrencyConverterTests-frameworks-${CONFIGURATION}-input-files.xcfilelist",
			);
			name = "[CP] Embed Pods Frameworks";
			outputFileListPaths = (
				"${PODS_ROOT}/Target Support Files/Pods-PaypayCurrencyConverterTests/Pods-PaypayCurrencyConverterTests-frameworks-${CONFIGURATION}-output-files.xcfilelist",
			);
			runOnlyForDeploymentPostprocessing = 0;
			shellPath = /bin/sh;
			shellScript = "\"${PODS_ROOT}/Target Support Files/Pods-PaypayCurrencyConverterTests/Pods-PaypayCurrencyConverterTests-frameworks.sh\"\n";
			showEnvVarsInLog = 0;
		};
		8C8C1785C4B3325748ADDCAB /* [CP] Check Pods Manifest.lock */ = {
			isa = PBXShellScriptBuildPhase;
			buildActionMask = 2147483647;
			files = (
			);
			inputFileListPaths = (
			);
			inputPaths = (
				"${PODS_PODFILE_DIR_PATH}/Podfile.lock",
				"${PODS_ROOT}/Manifest.lock",
			);
			name = "[CP] Check Pods Manifest.lock";
			outputFileListPaths = (
			);
			outputPaths = (
				"$(DERIVED_FILE_DIR)/Pods-PaypayCurrencyConverter-checkManifestLockResult.txt",
			);
			runOnlyForDeploymentPostprocessing = 0;
			shellPath = /bin/sh;
			shellScript = "diff \"${PODS_PODFILE_DIR_PATH}/Podfile.lock\" \"${PODS_ROOT}/Manifest.lock\" > /dev/null\nif [ $? != 0 ] ; then\n    # print error to STDERR\n    echo \"error: The sandbox is not in sync with the Podfile.lock. Run 'pod install' or update your CocoaPods installation.\" >&2\n    exit 1\nfi\n# This output is used by Xcode 'outputs' to avoid re-running this script phase.\necho \"SUCCESS\" > \"${SCRIPT_OUTPUT_FILE_0}\"\n";
			showEnvVarsInLog = 0;
		};
		8F8B2B24806EB24F89807082 /* [CP] Embed Pods Frameworks */ = {
			isa = PBXShellScriptBuildPhase;
			buildActionMask = 2147483647;
			files = (
			);
			inputFileListPaths = (
				"${PODS_ROOT}/Target Support Files/Pods-PaypayCurrencyConverter/Pods-PaypayCurrencyConverter-frameworks-${CONFIGURATION}-input-files.xcfilelist",
			);
			name = "[CP] Embed Pods Frameworks";
			outputFileListPaths = (
				"${PODS_ROOT}/Target Support Files/Pods-PaypayCurrencyConverter/Pods-PaypayCurrencyConverter-frameworks-${CONFIGURATION}-output-files.xcfilelist",
			);
			runOnlyForDeploymentPostprocessing = 0;
			shellPath = /bin/sh;
			shellScript = "\"${PODS_ROOT}/Target Support Files/Pods-PaypayCurrencyConverter/Pods-PaypayCurrencyConverter-frameworks.sh\"\n";
			showEnvVarsInLog = 0;
		};
		917266404FF194BEB490EC2D /* [CP] Check Pods Manifest.lock */ = {
			isa = PBXShellScriptBuildPhase;
			buildActionMask = 2147483647;
			files = (
			);
			inputFileListPaths = (
			);
			inputPaths = (
				"${PODS_PODFILE_DIR_PATH}/Podfile.lock",
				"${PODS_ROOT}/Manifest.lock",
			);
			name = "[CP] Check Pods Manifest.lock";
			outputFileListPaths = (
			);
			outputPaths = (
				"$(DERIVED_FILE_DIR)/Pods-PaypayCurrencyConverterUITests-checkManifestLockResult.txt",
			);
			runOnlyForDeploymentPostprocessing = 0;
			shellPath = /bin/sh;
			shellScript = "diff \"${PODS_PODFILE_DIR_PATH}/Podfile.lock\" \"${PODS_ROOT}/Manifest.lock\" > /dev/null\nif [ $? != 0 ] ; then\n    # print error to STDERR\n    echo \"error: The sandbox is not in sync with the Podfile.lock. Run 'pod install' or update your CocoaPods installation.\" >&2\n    exit 1\nfi\n# This output is used by Xcode 'outputs' to avoid re-running this script phase.\necho \"SUCCESS\" > \"${SCRIPT_OUTPUT_FILE_0}\"\n";
			showEnvVarsInLog = 0;
		};
/* End PBXShellScriptBuildPhase section */

/* Begin PBXSourcesBuildPhase section */
		D19D81BD25F3838D0074588C /* Sources */ = {
			isa = PBXSourcesBuildPhase;
			buildActionMask = 2147483647;
			files = (
				D19D837925F546680074588C /* ExchangeCurrencyFlowVCViewModel.swift in Sources */,
				D19D82B225F491050074588C /* ExchangeCurrencyVCWithUI.swift in Sources */,
				D19D829925F3E6D20074588C /* SnapKitWithUIViewExtension.swift in Sources */,
				D19D82F425F4A0900074588C /* DisplayCurrencyCell.swift in Sources */,
				D19D82AD25F490CE0074588C /* ExchangeCurrencyVCWithBindable.swift in Sources */,
				D19D831025F4B3A30074588C /* Calculator.swift in Sources */,
				D19D827525F3A2F70074588C /* RateAndTimeStampCurrencies.swift in Sources */,
				D19D82DC25F497640074588C /* DisplayCurrenciesViewController.swift in Sources */,
				D19D824125F39ADB0074588C /* APIResponseCurrencies.swift in Sources */,
				D19D82BC25F491A40074588C /* ExchangeCurrencyVCWithCurrenciesPickerViewProtocol.swift in Sources */,
				D19D828B25F3D2640074588C /* Bindable.swift in Sources */,
				D19D828125F3D19E0074588C /* ExchangeCurrencyViewController.swift in Sources */,
				D19D81C525F3838D0074588C /* AppDelegate.swift in Sources */,
				D19D821C25F387990074588C /* CurrencyAPIService.swift in Sources */,
				D19D82E425F498F50074588C /* DisplayCurrenciesVCViewModel.swift in Sources */,
				D19D834125F4F76D0074588C /* DownloadManager.swift in Sources */,
				D19D81C725F3838D0074588C /* SceneDelegate.swift in Sources */,
				D19D836E25F5429D0074588C /* ExchangeCurrencyFlowViewController.swift in Sources */,
				D19D829025F3D6BF0074588C /* CurrenciesPickerView.swift in Sources */,
				D19D827025F3A2C00074588C /* Currency.swift in Sources */,
				D19D82E925F49B1C0074588C /* RateCurrency.swift in Sources */,
				D19D831625F4B4580074588C /* AmountCurrency.swift in Sources */,
				D19D822125F388340074588C /* RequestType.swift in Sources */,
				D19D824625F39B180074588C /* APIResponseUSDRates.swift in Sources */,
				D19D82F925F4A1470074588C /* DisplayCurrency.swift in Sources */,
				D19D828625F3D2360074588C /* ExchangeCurrencyVCViewModel.swift in Sources */,
				D19D822625F389E00074588C /* CurrencyRequest.swift in Sources */,
			);
			runOnlyForDeploymentPostprocessing = 0;
		};
		D19D81D325F383900074588C /* Sources */ = {
			isa = PBXSourcesBuildPhase;
			buildActionMask = 2147483647;
			files = (
				D19D81DC25F383900074588C /* PaypayCurrencyConverterTests.swift in Sources */,
			);
			runOnlyForDeploymentPostprocessing = 0;
		};
		D19D81DE25F383900074588C /* Sources */ = {
			isa = PBXSourcesBuildPhase;
			buildActionMask = 2147483647;
			files = (
				D19D81E725F383900074588C /* PaypayCurrencyConverterUITests.swift in Sources */,
			);
			runOnlyForDeploymentPostprocessing = 0;
		};
/* End PBXSourcesBuildPhase section */

/* Begin PBXTargetDependency section */
		D19D81D925F383900074588C /* PBXTargetDependency */ = {
			isa = PBXTargetDependency;
			target = D19D81C025F3838D0074588C /* PaypayCurrencyConverter */;
			targetProxy = D19D81D825F383900074588C /* PBXContainerItemProxy */;
		};
		D19D81E425F383900074588C /* PBXTargetDependency */ = {
			isa = PBXTargetDependency;
			target = D19D81C025F3838D0074588C /* PaypayCurrencyConverter */;
			targetProxy = D19D81E325F383900074588C /* PBXContainerItemProxy */;
		};
/* End PBXTargetDependency section */

/* Begin PBXVariantGroup section */
		D19D81CF25F3838F0074588C /* LaunchScreen.storyboard */ = {
			isa = PBXVariantGroup;
			children = (
				D19D81D025F3838F0074588C /* Base */,
			);
			name = LaunchScreen.storyboard;
			sourceTree = "<group>";
		};
/* End PBXVariantGroup section */

/* Begin XCBuildConfiguration section */
		D19D81E925F383900074588C /* Debug */ = {
			isa = XCBuildConfiguration;
			buildSettings = {
				ALWAYS_SEARCH_USER_PATHS = NO;
				CLANG_ANALYZER_NONNULL = YES;
				CLANG_ANALYZER_NUMBER_OBJECT_CONVERSION = YES_AGGRESSIVE;
				CLANG_CXX_LANGUAGE_STANDARD = "gnu++14";
				CLANG_CXX_LIBRARY = "libc++";
				CLANG_ENABLE_MODULES = YES;
				CLANG_ENABLE_OBJC_ARC = YES;
				CLANG_ENABLE_OBJC_WEAK = YES;
				CLANG_WARN_BLOCK_CAPTURE_AUTORELEASING = YES;
				CLANG_WARN_BOOL_CONVERSION = YES;
				CLANG_WARN_COMMA = YES;
				CLANG_WARN_CONSTANT_CONVERSION = YES;
				CLANG_WARN_DEPRECATED_OBJC_IMPLEMENTATIONS = YES;
				CLANG_WARN_DIRECT_OBJC_ISA_USAGE = YES_ERROR;
				CLANG_WARN_DOCUMENTATION_COMMENTS = YES;
				CLANG_WARN_EMPTY_BODY = YES;
				CLANG_WARN_ENUM_CONVERSION = YES;
				CLANG_WARN_INFINITE_RECURSION = YES;
				CLANG_WARN_INT_CONVERSION = YES;
				CLANG_WARN_NON_LITERAL_NULL_CONVERSION = YES;
				CLANG_WARN_OBJC_IMPLICIT_RETAIN_SELF = YES;
				CLANG_WARN_OBJC_LITERAL_CONVERSION = YES;
				CLANG_WARN_OBJC_ROOT_CLASS = YES_ERROR;
				CLANG_WARN_QUOTED_INCLUDE_IN_FRAMEWORK_HEADER = YES;
				CLANG_WARN_RANGE_LOOP_ANALYSIS = YES;
				CLANG_WARN_STRICT_PROTOTYPES = YES;
				CLANG_WARN_SUSPICIOUS_MOVE = YES;
				CLANG_WARN_UNGUARDED_AVAILABILITY = YES_AGGRESSIVE;
				CLANG_WARN_UNREACHABLE_CODE = YES;
				CLANG_WARN__DUPLICATE_METHOD_MATCH = YES;
				COPY_PHASE_STRIP = NO;
				DEBUG_INFORMATION_FORMAT = dwarf;
				ENABLE_STRICT_OBJC_MSGSEND = YES;
				ENABLE_TESTABILITY = YES;
				GCC_C_LANGUAGE_STANDARD = gnu11;
				GCC_DYNAMIC_NO_PIC = NO;
				GCC_NO_COMMON_BLOCKS = YES;
				GCC_OPTIMIZATION_LEVEL = 0;
				GCC_PREPROCESSOR_DEFINITIONS = (
					"DEBUG=1",
					"$(inherited)",
				);
				GCC_WARN_64_TO_32_BIT_CONVERSION = YES;
				GCC_WARN_ABOUT_RETURN_TYPE = YES_ERROR;
				GCC_WARN_UNDECLARED_SELECTOR = YES;
				GCC_WARN_UNINITIALIZED_AUTOS = YES_AGGRESSIVE;
				GCC_WARN_UNUSED_FUNCTION = YES;
				GCC_WARN_UNUSED_VARIABLE = YES;
				IPHONEOS_DEPLOYMENT_TARGET = 14.4;
				MTL_ENABLE_DEBUG_INFO = INCLUDE_SOURCE;
				MTL_FAST_MATH = YES;
				ONLY_ACTIVE_ARCH = YES;
				SDKROOT = iphoneos;
				SWIFT_ACTIVE_COMPILATION_CONDITIONS = DEBUG;
				SWIFT_OPTIMIZATION_LEVEL = "-Onone";
			};
			name = Debug;
		};
		D19D81EA25F383900074588C /* Release */ = {
			isa = XCBuildConfiguration;
			buildSettings = {
				ALWAYS_SEARCH_USER_PATHS = NO;
				CLANG_ANALYZER_NONNULL = YES;
				CLANG_ANALYZER_NUMBER_OBJECT_CONVERSION = YES_AGGRESSIVE;
				CLANG_CXX_LANGUAGE_STANDARD = "gnu++14";
				CLANG_CXX_LIBRARY = "libc++";
				CLANG_ENABLE_MODULES = YES;
				CLANG_ENABLE_OBJC_ARC = YES;
				CLANG_ENABLE_OBJC_WEAK = YES;
				CLANG_WARN_BLOCK_CAPTURE_AUTORELEASING = YES;
				CLANG_WARN_BOOL_CONVERSION = YES;
				CLANG_WARN_COMMA = YES;
				CLANG_WARN_CONSTANT_CONVERSION = YES;
				CLANG_WARN_DEPRECATED_OBJC_IMPLEMENTATIONS = YES;
				CLANG_WARN_DIRECT_OBJC_ISA_USAGE = YES_ERROR;
				CLANG_WARN_DOCUMENTATION_COMMENTS = YES;
				CLANG_WARN_EMPTY_BODY = YES;
				CLANG_WARN_ENUM_CONVERSION = YES;
				CLANG_WARN_INFINITE_RECURSION = YES;
				CLANG_WARN_INT_CONVERSION = YES;
				CLANG_WARN_NON_LITERAL_NULL_CONVERSION = YES;
				CLANG_WARN_OBJC_IMPLICIT_RETAIN_SELF = YES;
				CLANG_WARN_OBJC_LITERAL_CONVERSION = YES;
				CLANG_WARN_OBJC_ROOT_CLASS = YES_ERROR;
				CLANG_WARN_QUOTED_INCLUDE_IN_FRAMEWORK_HEADER = YES;
				CLANG_WARN_RANGE_LOOP_ANALYSIS = YES;
				CLANG_WARN_STRICT_PROTOTYPES = YES;
				CLANG_WARN_SUSPICIOUS_MOVE = YES;
				CLANG_WARN_UNGUARDED_AVAILABILITY = YES_AGGRESSIVE;
				CLANG_WARN_UNREACHABLE_CODE = YES;
				CLANG_WARN__DUPLICATE_METHOD_MATCH = YES;
				COPY_PHASE_STRIP = NO;
				DEBUG_INFORMATION_FORMAT = "dwarf-with-dsym";
				ENABLE_NS_ASSERTIONS = NO;
				ENABLE_STRICT_OBJC_MSGSEND = YES;
				GCC_C_LANGUAGE_STANDARD = gnu11;
				GCC_NO_COMMON_BLOCKS = YES;
				GCC_WARN_64_TO_32_BIT_CONVERSION = YES;
				GCC_WARN_ABOUT_RETURN_TYPE = YES_ERROR;
				GCC_WARN_UNDECLARED_SELECTOR = YES;
				GCC_WARN_UNINITIALIZED_AUTOS = YES_AGGRESSIVE;
				GCC_WARN_UNUSED_FUNCTION = YES;
				GCC_WARN_UNUSED_VARIABLE = YES;
				IPHONEOS_DEPLOYMENT_TARGET = 14.4;
				MTL_ENABLE_DEBUG_INFO = NO;
				MTL_FAST_MATH = YES;
				SDKROOT = iphoneos;
				SWIFT_COMPILATION_MODE = wholemodule;
				SWIFT_OPTIMIZATION_LEVEL = "-O";
				VALIDATE_PRODUCT = YES;
			};
			name = Release;
		};
		D19D81EC25F383900074588C /* Debug */ = {
			isa = XCBuildConfiguration;
			baseConfigurationReference = 8A1D49CFD5377A9F4338AD0B /* Pods-PaypayCurrencyConverter.debug.xcconfig */;
			buildSettings = {
				ASSETCATALOG_COMPILER_APPICON_NAME = AppIcon;
				ASSETCATALOG_COMPILER_GLOBAL_ACCENT_COLOR_NAME = AccentColor;
				CODE_SIGN_STYLE = Automatic;
				DEVELOPMENT_TEAM = WAGW44Z6JC;
				INFOPLIST_FILE = PaypayCurrencyConverter/Info.plist;
				LD_RUNPATH_SEARCH_PATHS = (
					"$(inherited)",
					"@executable_path/Frameworks",
				);
				PRODUCT_BUNDLE_IDENTIFIER = CoolApp.PaypayCurrencyConverter;
				PRODUCT_NAME = "$(TARGET_NAME)";
				SWIFT_VERSION = 5.0;
				TARGETED_DEVICE_FAMILY = "1,2";
			};
			name = Debug;
		};
		D19D81ED25F383900074588C /* Release */ = {
			isa = XCBuildConfiguration;
			baseConfigurationReference = 011485BF3CBB5F3601E8DE07 /* Pods-PaypayCurrencyConverter.release.xcconfig */;
			buildSettings = {
				ASSETCATALOG_COMPILER_APPICON_NAME = AppIcon;
				ASSETCATALOG_COMPILER_GLOBAL_ACCENT_COLOR_NAME = AccentColor;
				CODE_SIGN_STYLE = Automatic;
				DEVELOPMENT_TEAM = WAGW44Z6JC;
				INFOPLIST_FILE = PaypayCurrencyConverter/Info.plist;
				LD_RUNPATH_SEARCH_PATHS = (
					"$(inherited)",
					"@executable_path/Frameworks",
				);
				PRODUCT_BUNDLE_IDENTIFIER = CoolApp.PaypayCurrencyConverter;
				PRODUCT_NAME = "$(TARGET_NAME)";
				SWIFT_VERSION = 5.0;
				TARGETED_DEVICE_FAMILY = "1,2";
			};
			name = Release;
		};
		D19D81EF25F383900074588C /* Debug */ = {
			isa = XCBuildConfiguration;
			baseConfigurationReference = 877B16673A49ED285BB2FA43 /* Pods-PaypayCurrencyConverterTests.debug.xcconfig */;
			buildSettings = {
				ALWAYS_EMBED_SWIFT_STANDARD_LIBRARIES = YES;
				BUNDLE_LOADER = "$(TEST_HOST)";
				CODE_SIGN_STYLE = Automatic;
				DEVELOPMENT_TEAM = WAGW44Z6JC;
				INFOPLIST_FILE = PaypayCurrencyConverterTests/Info.plist;
				IPHONEOS_DEPLOYMENT_TARGET = 14.4;
				LD_RUNPATH_SEARCH_PATHS = (
					"$(inherited)",
					"@executable_path/Frameworks",
					"@loader_path/Frameworks",
				);
				PRODUCT_BUNDLE_IDENTIFIER = CoolApp.PaypayCurrencyConverterTests;
				PRODUCT_NAME = "$(TARGET_NAME)";
				SWIFT_VERSION = 5.0;
				TARGETED_DEVICE_FAMILY = "1,2";
				TEST_HOST = "$(BUILT_PRODUCTS_DIR)/PaypayCurrencyConverter.app/PaypayCurrencyConverter";
			};
			name = Debug;
		};
		D19D81F025F383900074588C /* Release */ = {
			isa = XCBuildConfiguration;
			baseConfigurationReference = 70863269FF0E03ADFC2EA835 /* Pods-PaypayCurrencyConverterTests.release.xcconfig */;
			buildSettings = {
				ALWAYS_EMBED_SWIFT_STANDARD_LIBRARIES = YES;
				BUNDLE_LOADER = "$(TEST_HOST)";
				CODE_SIGN_STYLE = Automatic;
				DEVELOPMENT_TEAM = WAGW44Z6JC;
				INFOPLIST_FILE = PaypayCurrencyConverterTests/Info.plist;
				IPHONEOS_DEPLOYMENT_TARGET = 14.4;
				LD_RUNPATH_SEARCH_PATHS = (
					"$(inherited)",
					"@executable_path/Frameworks",
					"@loader_path/Frameworks",
				);
				PRODUCT_BUNDLE_IDENTIFIER = CoolApp.PaypayCurrencyConverterTests;
				PRODUCT_NAME = "$(TARGET_NAME)";
				SWIFT_VERSION = 5.0;
				TARGETED_DEVICE_FAMILY = "1,2";
				TEST_HOST = "$(BUILT_PRODUCTS_DIR)/PaypayCurrencyConverter.app/PaypayCurrencyConverter";
			};
			name = Release;
		};
		D19D81F225F383900074588C /* Debug */ = {
			isa = XCBuildConfiguration;
			baseConfigurationReference = DA29EDBEF510C845FD321460 /* Pods-PaypayCurrencyConverterUITests.debug.xcconfig */;
			buildSettings = {
				ALWAYS_EMBED_SWIFT_STANDARD_LIBRARIES = YES;
				CODE_SIGN_STYLE = Automatic;
				DEVELOPMENT_TEAM = WAGW44Z6JC;
				INFOPLIST_FILE = PaypayCurrencyConverterUITests/Info.plist;
				LD_RUNPATH_SEARCH_PATHS = (
					"$(inherited)",
					"@executable_path/Frameworks",
					"@loader_path/Frameworks",
				);
				PRODUCT_BUNDLE_IDENTIFIER = CoolApp.PaypayCurrencyConverterUITests;
				PRODUCT_NAME = "$(TARGET_NAME)";
				SWIFT_VERSION = 5.0;
				TARGETED_DEVICE_FAMILY = "1,2";
				TEST_TARGET_NAME = PaypayCurrencyConverter;
			};
			name = Debug;
		};
		D19D81F325F383900074588C /* Release */ = {
			isa = XCBuildConfiguration;
			baseConfigurationReference = 8A79973F79CF4FC2A87D0753 /* Pods-PaypayCurrencyConverterUITests.release.xcconfig */;
			buildSettings = {
				ALWAYS_EMBED_SWIFT_STANDARD_LIBRARIES = YES;
				CODE_SIGN_STYLE = Automatic;
				DEVELOPMENT_TEAM = WAGW44Z6JC;
				INFOPLIST_FILE = PaypayCurrencyConverterUITests/Info.plist;
				LD_RUNPATH_SEARCH_PATHS = (
					"$(inherited)",
					"@executable_path/Frameworks",
					"@loader_path/Frameworks",
				);
				PRODUCT_BUNDLE_IDENTIFIER = CoolApp.PaypayCurrencyConverterUITests;
				PRODUCT_NAME = "$(TARGET_NAME)";
				SWIFT_VERSION = 5.0;
				TARGETED_DEVICE_FAMILY = "1,2";
				TEST_TARGET_NAME = PaypayCurrencyConverter;
			};
			name = Release;
		};
/* End XCBuildConfiguration section */

/* Begin XCConfigurationList section */
		D19D81BC25F3838D0074588C /* Build configuration list for PBXProject "PaypayCurrencyConverter" */ = {
			isa = XCConfigurationList;
			buildConfigurations = (
				D19D81E925F383900074588C /* Debug */,
				D19D81EA25F383900074588C /* Release */,
			);
			defaultConfigurationIsVisible = 0;
			defaultConfigurationName = Release;
		};
		D19D81EB25F383900074588C /* Build configuration list for PBXNativeTarget "PaypayCurrencyConverter" */ = {
			isa = XCConfigurationList;
			buildConfigurations = (
				D19D81EC25F383900074588C /* Debug */,
				D19D81ED25F383900074588C /* Release */,
			);
			defaultConfigurationIsVisible = 0;
			defaultConfigurationName = Release;
		};
		D19D81EE25F383900074588C /* Build configuration list for PBXNativeTarget "PaypayCurrencyConverterTests" */ = {
			isa = XCConfigurationList;
			buildConfigurations = (
				D19D81EF25F383900074588C /* Debug */,
				D19D81F025F383900074588C /* Release */,
			);
			defaultConfigurationIsVisible = 0;
			defaultConfigurationName = Release;
		};
		D19D81F125F383900074588C /* Build configuration list for PBXNativeTarget "PaypayCurrencyConverterUITests" */ = {
			isa = XCConfigurationList;
			buildConfigurations = (
				D19D81F225F383900074588C /* Debug */,
				D19D81F325F383900074588C /* Release */,
			);
			defaultConfigurationIsVisible = 0;
			defaultConfigurationName = Release;
		};
/* End XCConfigurationList section */
	};
	rootObject = D19D81B925F3838D0074588C /* Project object */;
}
