// !$*UTF8*$!
{
	archiveVersion = 1;
	classes = {
	};
	objectVersion = 50;
	objects = {

/* Begin PBXBuildFile section */
		D19D81C525F3838D0074588C /* AppDelegate.swift in Sources */ = {isa = PBXBuildFile; fileRef = D19D81C425F3838D0074588C /* AppDelegate.swift */; };
		D19D81C725F3838D0074588C /* SceneDelegate.swift in Sources */ = {isa = PBXBuildFile; fileRef = D19D81C625F3838D0074588C /* SceneDelegate.swift */; };
		D19D81C925F3838D0074588C /* ViewController.swift in Sources */ = {isa = PBXBuildFile; fileRef = D19D81C825F3838D0074588C /* ViewController.swift */; };
		D19D81CC25F3838D0074588C /* Main.storyboard in Resources */ = {isa = PBXBuildFile; fileRef = D19D81CA25F3838D0074588C /* Main.storyboard */; };
		D19D81CE25F3838F0074588C /* Assets.xcassets in Resources */ = {isa = PBXBuildFile; fileRef = D19D81CD25F3838F0074588C /* Assets.xcassets */; };
		D19D81D125F3838F0074588C /* LaunchScreen.storyboard in Resources */ = {isa = PBXBuildFile; fileRef = D19D81CF25F3838F0074588C /* LaunchScreen.storyboard */; };
		D19D81DC25F383900074588C /* PaypayCurrencyConverterTests.swift in Sources */ = {isa = PBXBuildFile; fileRef = D19D81DB25F383900074588C /* PaypayCurrencyConverterTests.swift */; };
		D19D81E725F383900074588C /* PaypayCurrencyConverterUITests.swift in Sources */ = {isa = PBXBuildFile; fileRef = D19D81E625F383900074588C /* PaypayCurrencyConverterUITests.swift */; };
/* End PBXBuildFile section */

/* Begin PBXContainerItemProxy section */
		D19D81D825F383900074588C /* PBXContainerItemProxy */ = {
			isa = PBXContainerItemProxy;
			containerPortal = D19D81B925F3838D0074588C /* Project object */;
			proxyType = 1;
			remoteGlobalIDString = D19D81C025F3838D0074588C;
			remoteInfo = PaypayCurrencyConverter;
		};
		D19D81E325F383900074588C /* PBXContainerItemProxy */ = {
			isa = PBXContainerItemProxy;
			containerPortal = D19D81B925F3838D0074588C /* Project object */;
			proxyType = 1;
			remoteGlobalIDString = D19D81C025F3838D0074588C;
			remoteInfo = PaypayCurrencyConverter;
		};
/* End PBXContainerItemProxy section */

/* Begin PBXFileReference section */
		D19D81C125F3838D0074588C /* PaypayCurrencyConverter.app */ = {isa = PBXFileReference; explicitFileType = wrapper.application; includeInIndex = 0; path = PaypayCurrencyConverter.app; sourceTree = BUILT_PRODUCTS_DIR; };
		D19D81C425F3838D0074588C /* AppDelegate.swift */ = {isa = PBXFileReference; lastKnownFileType = sourcecode.swift; path = AppDelegate.swift; sourceTree = "<group>"; };
		D19D81C625F3838D0074588C /* SceneDelegate.swift */ = {isa = PBXFileReference; lastKnownFileType = sourcecode.swift; path = SceneDelegate.swift; sourceTree = "<group>"; };
		D19D81C825F3838D0074588C /* ViewController.swift */ = {isa = PBXFileReference; lastKnownFileType = sourcecode.swift; path = ViewController.swift; sourceTree = "<group>"; };
		D19D81CB25F3838D0074588C /* Base */ = {isa = PBXFileReference; lastKnownFileType = file.storyboard; name = Base; path = Base.lproj/Main.storyboard; sourceTree = "<group>"; };
		D19D81CD25F3838F0074588C /* Assets.xcassets */ = {isa = PBXFileReference; lastKnownFileType = folder.assetcatalog; path = Assets.xcassets; sourceTree = "<group>"; };
		D19D81D025F3838F0074588C /* Base */ = {isa = PBXFileReference; lastKnownFileType = file.storyboard; name = Base; path = Base.lproj/LaunchScreen.storyboard; sourceTree = "<group>"; };
		D19D81D225F3838F0074588C /* Info.plist */ = {isa = PBXFileReference; lastKnownFileType = text.plist.xml; path = Info.plist; sourceTree = "<group>"; };
		D19D81D725F383900074588C /* PaypayCurrencyConverterTests.xctest */ = {isa = PBXFileReference; explicitFileType = wrapper.cfbundle; includeInIndex = 0; path = PaypayCurrencyConverterTests.xctest; sourceTree = BUILT_PRODUCTS_DIR; };
		D19D81DB25F383900074588C /* PaypayCurrencyConverterTests.swift */ = {isa = PBXFileReference; lastKnownFileType = sourcecode.swift; path = PaypayCurrencyConverterTests.swift; sourceTree = "<group>"; };
		D19D81DD25F383900074588C /* Info.plist */ = {isa = PBXFileReference; lastKnownFileType = text.plist.xml; path = Info.plist; sourceTree = "<group>"; };
		D19D81E225F383900074588C /* PaypayCurrencyConverterUITests.xctest */ = {isa = PBXFileReference; explicitFileType = wrapper.cfbundle; includeInIndex = 0; path = PaypayCurrencyConverterUITests.xctest; sourceTree = BUILT_PRODUCTS_DIR; };
		D19D81E625F383900074588C /* PaypayCurrencyConverterUITests.swift */ = {isa = PBXFileReference; lastKnownFileType = sourcecode.swift; path = PaypayCurrencyConverterUITests.swift; sourceTree = "<group>"; };
		D19D81E825F383900074588C /* Info.plist */ = {isa = PBXFileReference; lastKnownFileType = text.plist.xml; path = Info.plist; sourceTree = "<group>"; };
/* End PBXFileReference section */

/* Begin PBXFrameworksBuildPhase section */
		D19D81BE25F3838D0074588C /* Frameworks */ = {
			isa = PBXFrameworksBuildPhase;
			buildActionMask = 2147483647;
			files = (
			);
			runOnlyForDeploymentPostprocessing = 0;
		};
		D19D81D425F383900074588C /* Frameworks */ = {
			isa = PBXFrameworksBuildPhase;
			buildActionMask = 2147483647;
			files = (
			);
			runOnlyForDeploymentPostprocessing = 0;
		};
		D19D81DF25F383900074588C /* Frameworks */ = {
			isa = PBXFrameworksBuildPhase;
			buildActionMask = 2147483647;
			files = (
			);
			runOnlyForDeploymentPostprocessing = 0;
		};
/* End PBXFrameworksBuildPhase section */

/* Begin PBXGroup section */
		D19D81B825F3838D0074588C = {
			isa = PBXGroup;
			children = (
				D19D81C325F3838D0074588C /* PaypayCurrencyConverter */,
				D19D81DA25F383900074588C /* PaypayCurrencyConverterTests */,
				D19D81E525F383900074588C /* PaypayCurrencyConverterUITests */,
				D19D81C225F3838D0074588C /* Products */,
			);
			sourceTree = "<group>";
		};
		D19D81C225F3838D0074588C /* Products */ = {
			isa = PBXGroup;
			children = (
				D19D81C125F3838D0074588C /* PaypayCurrencyConverter.app */,
				D19D81D725F383900074588C /* PaypayCurrencyConverterTests.xctest */,
				D19D81E225F383900074588C /* PaypayCurrencyConverterUITests.xctest */,
			);
			name = Products;
			sourceTree = "<group>";
		};
		D19D81C325F3838D0074588C /* PaypayCurrencyConverter */ = {
			isa = PBXGroup;
			children = (
				D19D81C425F3838D0074588C /* AppDelegate.swift */,
				D19D81C625F3838D0074588C /* SceneDelegate.swift */,
				D19D81C825F3838D0074588C /* ViewController.swift */,
				D19D81CA25F3838D0074588C /* Main.storyboard */,
				D19D81CD25F3838F0074588C /* Assets.xcassets */,
				D19D81CF25F3838F0074588C /* LaunchScreen.storyboard */,
				D19D81D225F3838F0074588C /* Info.plist */,
			);
			path = PaypayCurrencyConverter;
			sourceTree = "<group>";
		};
		D19D81DA25F383900074588C /* PaypayCurrencyConverterTests */ = {
			isa = PBXGroup;
			children = (
				D19D81DB25F383900074588C /* PaypayCurrencyConverterTests.swift */,
				D19D81DD25F383900074588C /* Info.plist */,
			);
			path = PaypayCurrencyConverterTests;
			sourceTree = "<group>";
		};
		D19D81E525F383900074588C /* PaypayCurrencyConverterUITests */ = {
			isa = PBXGroup;
			children = (
				D19D81E625F383900074588C /* PaypayCurrencyConverterUITests.swift */,
				D19D81E825F383900074588C /* Info.plist */,
			);
			path = PaypayCurrencyConverterUITests;
			sourceTree = "<group>";
		};
/* End PBXGroup section */

/* Begin PBXNativeTarget section */
		D19D81C025F3838D0074588C /* PaypayCurrencyConverter */ = {
			isa = PBXNativeTarget;
			buildConfigurationList = D19D81EB25F383900074588C /* Build configuration list for PBXNativeTarget "PaypayCurrencyConverter" */;
			buildPhases = (
				D19D81BD25F3838D0074588C /* Sources */,
				D19D81BE25F3838D0074588C /* Frameworks */,
				D19D81BF25F3838D0074588C /* Resources */,
			);
			buildRules = (
			);
			dependencies = (
			);
			name = PaypayCurrencyConverter;
			productName = PaypayCurrencyConverter;
			productReference = D19D81C125F3838D0074588C /* PaypayCurrencyConverter.app */;
			productType = "com.apple.product-type.application";
		};
		D19D81D625F383900074588C /* PaypayCurrencyConverterTests */ = {
			isa = PBXNativeTarget;
			buildConfigurationList = D19D81EE25F383900074588C /* Build configuration list for PBXNativeTarget "PaypayCurrencyConverterTests" */;
			buildPhases = (
				D19D81D325F383900074588C /* Sources */,
				D19D81D425F383900074588C /* Frameworks */,
				D19D81D525F383900074588C /* Resources */,
			);
			buildRules = (
			);
			dependencies = (
				D19D81D925F383900074588C /* PBXTargetDependency */,
			);
			name = PaypayCurrencyConverterTests;
			productName = PaypayCurrencyConverterTests;
			productReference = D19D81D725F383900074588C /* PaypayCurrencyConverterTests.xctest */;
			productType = "com.apple.product-type.bundle.unit-test";
		};
		D19D81E125F383900074588C /* PaypayCurrencyConverterUITests */ = {
			isa = PBXNativeTarget;
			buildConfigurationList = D19D81F125F383900074588C /* Build configuration list for PBXNativeTarget "PaypayCurrencyConverterUITests" */;
			buildPhases = (
				D19D81DE25F383900074588C /* Sources */,
				D19D81DF25F383900074588C /* Frameworks */,
				D19D81E025F383900074588C /* Resources */,
			);
			buildRules = (
			);
			dependencies = (
				D19D81E425F383900074588C /* PBXTargetDependency */,
			);
			name = PaypayCurrencyConverterUITests;
			productName = PaypayCurrencyConverterUITests;
			productReference = D19D81E225F383900074588C /* PaypayCurrencyConverterUITests.xctest */;
			productType = "com.apple.product-type.bundle.ui-testing";
		};
/* End PBXNativeTarget section */

/* Begin PBXProject section */
		D19D81B925F3838D0074588C /* Project object */ = {
			isa = PBXProject;
			attributes = {
				LastSwiftUpdateCheck = 1240;
				LastUpgradeCheck = 1240;
				TargetAttributes = {
					D19D81C025F3838D0074588C = {
						CreatedOnToolsVersion = 12.4;
					};
					D19D81D625F383900074588C = {
						CreatedOnToolsVersion = 12.4;
						TestTargetID = D19D81C025F3838D0074588C;
					};
					D19D81E125F383900074588C = {
						CreatedOnToolsVersion = 12.4;
						TestTargetID = D19D81C025F3838D0074588C;
					};
				};
			};
			buildConfigurationList = D19D81BC25F3838D0074588C /* Build configuration list for PBXProject "PaypayCurrencyConverter" */;
			compatibilityVersion = "Xcode 9.3";
			developmentRegion = en;
			hasScannedForEncodings = 0;
			knownRegions = (
				en,
				Base,
			);
			mainGroup = D19D81B825F3838D0074588C;
			productRefGroup = D19D81C225F3838D0074588C /* Products */;
			projectDirPath = "";
			projectRoot = "";
			targets = (
				D19D81C025F3838D0074588C /* PaypayCurrencyConverter */,
				D19D81D625F383900074588C /* PaypayCurrencyConverterTests */,
				D19D81E125F383900074588C /* PaypayCurrencyConverterUITests */,
			);
		};
/* End PBXProject section */

/* Begin PBXResourcesBuildPhase section */
		D19D81BF25F3838D0074588C /* Resources */ = {
			isa = PBXResourcesBuildPhase;
			buildActionMask = 2147483647;
			files = (
				D19D81D125F3838F0074588C /* LaunchScreen.storyboard in Resources */,
				D19D81CE25F3838F0074588C /* Assets.xcassets in Resources */,
				D19D81CC25F3838D0074588C /* Main.storyboard in Resources */,
			);
			runOnlyForDeploymentPostprocessing = 0;
		};
		D19D81D525F383900074588C /* Resources */ = {
			isa = PBXResourcesBuildPhase;
			buildActionMask = 2147483647;
			files = (
			);
			runOnlyForDeploymentPostprocessing = 0;
		};
		D19D81E025F383900074588C /* Resources */ = {
			isa = PBXResourcesBuildPhase;
			buildActionMask = 2147483647;
			files = (
			);
			runOnlyForDeploymentPostprocessing = 0;
		};
/* End PBXResourcesBuildPhase section */

/* Begin PBXSourcesBuildPhase section */
		D19D81BD25F3838D0074588C /* Sources */ = {
			isa = PBXSourcesBuildPhase;
			buildActionMask = 2147483647;
			files = (
				D19D81C925F3838D0074588C /* ViewController.swift in Sources */,
				D19D81C525F3838D0074588C /* AppDelegate.swift in Sources */,
				D19D81C725F3838D0074588C /* SceneDelegate.swift in Sources */,
			);
			runOnlyForDeploymentPostprocessing = 0;
		};
		D19D81D325F383900074588C /* Sources */ = {
			isa = PBXSourcesBuildPhase;
			buildActionMask = 2147483647;
			files = (
				D19D81DC25F383900074588C /* PaypayCurrencyConverterTests.swift in Sources */,
			);
			runOnlyForDeploymentPostprocessing = 0;
		};
		D19D81DE25F383900074588C /* Sources */ = {
			isa = PBXSourcesBuildPhase;
			buildActionMask = 2147483647;
			files = (
				D19D81E725F383900074588C /* PaypayCurrencyConverterUITests.swift in Sources */,
			);
			runOnlyForDeploymentPostprocessing = 0;
		};
/* End PBXSourcesBuildPhase section */

/* Begin PBXTargetDependency section */
		D19D81D925F383900074588C /* PBXTargetDependency */ = {
			isa = PBXTargetDependency;
			target = D19D81C025F3838D0074588C /* PaypayCurrencyConverter */;
			targetProxy = D19D81D825F383900074588C /* PBXContainerItemProxy */;
		};
		D19D81E425F383900074588C /* PBXTargetDependency */ = {
			isa = PBXTargetDependency;
			target = D19D81C025F3838D0074588C /* PaypayCurrencyConverter */;
			targetProxy = D19D81E325F383900074588C /* PBXContainerItemProxy */;
		};
/* End PBXTargetDependency section */

/* Begin PBXVariantGroup section */
		D19D81CA25F3838D0074588C /* Main.storyboard */ = {
			isa = PBXVariantGroup;
			children = (
				D19D81CB25F3838D0074588C /* Base */,
			);
			name = Main.storyboard;
			sourceTree = "<group>";
		};
		D19D81CF25F3838F0074588C /* LaunchScreen.storyboard */ = {
			isa = PBXVariantGroup;
			children = (
				D19D81D025F3838F0074588C /* Base */,
			);
			name = LaunchScreen.storyboard;
			sourceTree = "<group>";
		};
/* End PBXVariantGroup section */

/* Begin XCBuildConfiguration section */
		D19D81E925F383900074588C /* Debug */ = {
			isa = XCBuildConfiguration;
			buildSettings = {
				ALWAYS_SEARCH_USER_PATHS = NO;
				CLANG_ANALYZER_NONNULL = YES;
				CLANG_ANALYZER_NUMBER_OBJECT_CONVERSION = YES_AGGRESSIVE;
				CLANG_CXX_LANGUAGE_STANDARD = "gnu++14";
				CLANG_CXX_LIBRARY = "libc++";
				CLANG_ENABLE_MODULES = YES;
				CLANG_ENABLE_OBJC_ARC = YES;
				CLANG_ENABLE_OBJC_WEAK = YES;
				CLANG_WARN_BLOCK_CAPTURE_AUTORELEASING = YES;
				CLANG_WARN_BOOL_CONVERSION = YES;
				CLANG_WARN_COMMA = YES;
				CLANG_WARN_CONSTANT_CONVERSION = YES;
				CLANG_WARN_DEPRECATED_OBJC_IMPLEMENTATIONS = YES;
				CLANG_WARN_DIRECT_OBJC_ISA_USAGE = YES_ERROR;
				CLANG_WARN_DOCUMENTATION_COMMENTS = YES;
				CLANG_WARN_EMPTY_BODY = YES;
				CLANG_WARN_ENUM_CONVERSION = YES;
				CLANG_WARN_INFINITE_RECURSION = YES;
				CLANG_WARN_INT_CONVERSION = YES;
				CLANG_WARN_NON_LITERAL_NULL_CONVERSION = YES;
				CLANG_WARN_OBJC_IMPLICIT_RETAIN_SELF = YES;
				CLANG_WARN_OBJC_LITERAL_CONVERSION = YES;
				CLANG_WARN_OBJC_ROOT_CLASS = YES_ERROR;
				CLANG_WARN_QUOTED_INCLUDE_IN_FRAMEWORK_HEADER = YES;
				CLANG_WARN_RANGE_LOOP_ANALYSIS = YES;
				CLANG_WARN_STRICT_PROTOTYPES = YES;
				CLANG_WARN_SUSPICIOUS_MOVE = YES;
				CLANG_WARN_UNGUARDED_AVAILABILITY = YES_AGGRESSIVE;
				CLANG_WARN_UNREACHABLE_CODE = YES;
				CLANG_WARN__DUPLICATE_METHOD_MATCH = YES;
				COPY_PHASE_STRIP = NO;
				DEBUG_INFORMATION_FORMAT = dwarf;
				ENABLE_STRICT_OBJC_MSGSEND = YES;
				ENABLE_TESTABILITY = YES;
				GCC_C_LANGUAGE_STANDARD = gnu11;
				GCC_DYNAMIC_NO_PIC = NO;
				GCC_NO_COMMON_BLOCKS = YES;
				GCC_OPTIMIZATION_LEVEL = 0;
				GCC_PREPROCESSOR_DEFINITIONS = (
					"DEBUG=1",
					"$(inherited)",
				);
				GCC_WARN_64_TO_32_BIT_CONVERSION = YES;
				GCC_WARN_ABOUT_RETURN_TYPE = YES_ERROR;
				GCC_WARN_UNDECLARED_SELECTOR = YES;
				GCC_WARN_UNINITIALIZED_AUTOS = YES_AGGRESSIVE;
				GCC_WARN_UNUSED_FUNCTION = YES;
				GCC_WARN_UNUSED_VARIABLE = YES;
				IPHONEOS_DEPLOYMENT_TARGET = 14.4;
				MTL_ENABLE_DEBUG_INFO = INCLUDE_SOURCE;
				MTL_FAST_MATH = YES;
				ONLY_ACTIVE_ARCH = YES;
				SDKROOT = iphoneos;
				SWIFT_ACTIVE_COMPILATION_CONDITIONS = DEBUG;
				SWIFT_OPTIMIZATION_LEVEL = "-Onone";
			};
			name = Debug;
		};
		D19D81EA25F383900074588C /* Release */ = {
			isa = XCBuildConfiguration;
			buildSettings = {
				ALWAYS_SEARCH_USER_PATHS = NO;
				CLANG_ANALYZER_NONNULL = YES;
				CLANG_ANALYZER_NUMBER_OBJECT_CONVERSION = YES_AGGRESSIVE;
				CLANG_CXX_LANGUAGE_STANDARD = "gnu++14";
				CLANG_CXX_LIBRARY = "libc++";
				CLANG_ENABLE_MODULES = YES;
				CLANG_ENABLE_OBJC_ARC = YES;
				CLANG_ENABLE_OBJC_WEAK = YES;
				CLANG_WARN_BLOCK_CAPTURE_AUTORELEASING = YES;
				CLANG_WARN_BOOL_CONVERSION = YES;
				CLANG_WARN_COMMA = YES;
				CLANG_WARN_CONSTANT_CONVERSION = YES;
				CLANG_WARN_DEPRECATED_OBJC_IMPLEMENTATIONS = YES;
				CLANG_WARN_DIRECT_OBJC_ISA_USAGE = YES_ERROR;
				CLANG_WARN_DOCUMENTATION_COMMENTS = YES;
				CLANG_WARN_EMPTY_BODY = YES;
				CLANG_WARN_ENUM_CONVERSION = YES;
				CLANG_WARN_INFINITE_RECURSION = YES;
				CLANG_WARN_INT_CONVERSION = YES;
				CLANG_WARN_NON_LITERAL_NULL_CONVERSION = YES;
				CLANG_WARN_OBJC_IMPLICIT_RETAIN_SELF = YES;
				CLANG_WARN_OBJC_LITERAL_CONVERSION = YES;
				CLANG_WARN_OBJC_ROOT_CLASS = YES_ERROR;
				CLANG_WARN_QUOTED_INCLUDE_IN_FRAMEWORK_HEADER = YES;
				CLANG_WARN_RANGE_LOOP_ANALYSIS = YES;
				CLANG_WARN_STRICT_PROTOTYPES = YES;
				CLANG_WARN_SUSPICIOUS_MOVE = YES;
				CLANG_WARN_UNGUARDED_AVAILABILITY = YES_AGGRESSIVE;
				CLANG_WARN_UNREACHABLE_CODE = YES;
				CLANG_WARN__DUPLICATE_METHOD_MATCH = YES;
				COPY_PHASE_STRIP = NO;
				DEBUG_INFORMATION_FORMAT = "dwarf-with-dsym";
				ENABLE_NS_ASSERTIONS = NO;
				ENABLE_STRICT_OBJC_MSGSEND = YES;
				GCC_C_LANGUAGE_STANDARD = gnu11;
				GCC_NO_COMMON_BLOCKS = YES;
				GCC_WARN_64_TO_32_BIT_CONVERSION = YES;
				GCC_WARN_ABOUT_RETURN_TYPE = YES_ERROR;
				GCC_WARN_UNDECLARED_SELECTOR = YES;
				GCC_WARN_UNINITIALIZED_AUTOS = YES_AGGRESSIVE;
				GCC_WARN_UNUSED_FUNCTION = YES;
				GCC_WARN_UNUSED_VARIABLE = YES;
				IPHONEOS_DEPLOYMENT_TARGET = 14.4;
				MTL_ENABLE_DEBUG_INFO = NO;
				MTL_FAST_MATH = YES;
				SDKROOT = iphoneos;
				SWIFT_COMPILATION_MODE = wholemodule;
				SWIFT_OPTIMIZATION_LEVEL = "-O";
				VALIDATE_PRODUCT = YES;
			};
			name = Release;
		};
		D19D81EC25F383900074588C /* Debug */ = {
			isa = XCBuildConfiguration;
			buildSettings = {
				ASSETCATALOG_COMPILER_APPICON_NAME = AppIcon;
				ASSETCATALOG_COMPILER_GLOBAL_ACCENT_COLOR_NAME = AccentColor;
				CODE_SIGN_STYLE = Automatic;
				DEVELOPMENT_TEAM = WAGW44Z6JC;
				INFOPLIST_FILE = PaypayCurrencyConverter/Info.plist;
				LD_RUNPATH_SEARCH_PATHS = (
					"$(inherited)",
					"@executable_path/Frameworks",
				);
				PRODUCT_BUNDLE_IDENTIFIER = CoolApp.PaypayCurrencyConverter;
				PRODUCT_NAME = "$(TARGET_NAME)";
				SWIFT_VERSION = 5.0;
				TARGETED_DEVICE_FAMILY = "1,2";
			};
			name = Debug;
		};
		D19D81ED25F383900074588C /* Release */ = {
			isa = XCBuildConfiguration;
			buildSettings = {
				ASSETCATALOG_COMPILER_APPICON_NAME = AppIcon;
				ASSETCATALOG_COMPILER_GLOBAL_ACCENT_COLOR_NAME = AccentColor;
				CODE_SIGN_STYLE = Automatic;
				DEVELOPMENT_TEAM = WAGW44Z6JC;
				INFOPLIST_FILE = PaypayCurrencyConverter/Info.plist;
				LD_RUNPATH_SEARCH_PATHS = (
					"$(inherited)",
					"@executable_path/Frameworks",
				);
				PRODUCT_BUNDLE_IDENTIFIER = CoolApp.PaypayCurrencyConverter;
				PRODUCT_NAME = "$(TARGET_NAME)";
				SWIFT_VERSION = 5.0;
				TARGETED_DEVICE_FAMILY = "1,2";
			};
			name = Release;
		};
		D19D81EF25F383900074588C /* Debug */ = {
			isa = XCBuildConfiguration;
			buildSettings = {
				ALWAYS_EMBED_SWIFT_STANDARD_LIBRARIES = YES;
				BUNDLE_LOADER = "$(TEST_HOST)";
				CODE_SIGN_STYLE = Automatic;
				DEVELOPMENT_TEAM = WAGW44Z6JC;
				INFOPLIST_FILE = PaypayCurrencyConverterTests/Info.plist;
				IPHONEOS_DEPLOYMENT_TARGET = 14.4;
				LD_RUNPATH_SEARCH_PATHS = (
					"$(inherited)",
					"@executable_path/Frameworks",
					"@loader_path/Frameworks",
				);
				PRODUCT_BUNDLE_IDENTIFIER = CoolApp.PaypayCurrencyConverterTests;
				PRODUCT_NAME = "$(TARGET_NAME)";
				SWIFT_VERSION = 5.0;
				TARGETED_DEVICE_FAMILY = "1,2";
				TEST_HOST = "$(BUILT_PRODUCTS_DIR)/PaypayCurrencyConverter.app/PaypayCurrencyConverter";
			};
			name = Debug;
		};
		D19D81F025F383900074588C /* Release */ = {
			isa = XCBuildConfiguration;
			buildSettings = {
				ALWAYS_EMBED_SWIFT_STANDARD_LIBRARIES = YES;
				BUNDLE_LOADER = "$(TEST_HOST)";
				CODE_SIGN_STYLE = Automatic;
				DEVELOPMENT_TEAM = WAGW44Z6JC;
				INFOPLIST_FILE = PaypayCurrencyConverterTests/Info.plist;
				IPHONEOS_DEPLOYMENT_TARGET = 14.4;
				LD_RUNPATH_SEARCH_PATHS = (
					"$(inherited)",
					"@executable_path/Frameworks",
					"@loader_path/Frameworks",
				);
				PRODUCT_BUNDLE_IDENTIFIER = CoolApp.PaypayCurrencyConverterTests;
				PRODUCT_NAME = "$(TARGET_NAME)";
				SWIFT_VERSION = 5.0;
				TARGETED_DEVICE_FAMILY = "1,2";
				TEST_HOST = "$(BUILT_PRODUCTS_DIR)/PaypayCurrencyConverter.app/PaypayCurrencyConverter";
			};
			name = Release;
		};
		D19D81F225F383900074588C /* Debug */ = {
			isa = XCBuildConfiguration;
			buildSettings = {
				ALWAYS_EMBED_SWIFT_STANDARD_LIBRARIES = YES;
				CODE_SIGN_STYLE = Automatic;
				DEVELOPMENT_TEAM = WAGW44Z6JC;
				INFOPLIST_FILE = PaypayCurrencyConverterUITests/Info.plist;
				LD_RUNPATH_SEARCH_PATHS = (
					"$(inherited)",
					"@executable_path/Frameworks",
					"@loader_path/Frameworks",
				);
				PRODUCT_BUNDLE_IDENTIFIER = CoolApp.PaypayCurrencyConverterUITests;
				PRODUCT_NAME = "$(TARGET_NAME)";
				SWIFT_VERSION = 5.0;
				TARGETED_DEVICE_FAMILY = "1,2";
				TEST_TARGET_NAME = PaypayCurrencyConverter;
			};
			name = Debug;
		};
		D19D81F325F383900074588C /* Release */ = {
			isa = XCBuildConfiguration;
			buildSettings = {
				ALWAYS_EMBED_SWIFT_STANDARD_LIBRARIES = YES;
				CODE_SIGN_STYLE = Automatic;
				DEVELOPMENT_TEAM = WAGW44Z6JC;
				INFOPLIST_FILE = PaypayCurrencyConverterUITests/Info.plist;
				LD_RUNPATH_SEARCH_PATHS = (
					"$(inherited)",
					"@executable_path/Frameworks",
					"@loader_path/Frameworks",
				);
				PRODUCT_BUNDLE_IDENTIFIER = CoolApp.PaypayCurrencyConverterUITests;
				PRODUCT_NAME = "$(TARGET_NAME)";
				SWIFT_VERSION = 5.0;
				TARGETED_DEVICE_FAMILY = "1,2";
				TEST_TARGET_NAME = PaypayCurrencyConverter;
			};
			name = Release;
		};
/* End XCBuildConfiguration section */

/* Begin XCConfigurationList section */
		D19D81BC25F3838D0074588C /* Build configuration list for PBXProject "PaypayCurrencyConverter" */ = {
			isa = XCConfigurationList;
			buildConfigurations = (
				D19D81E925F383900074588C /* Debug */,
				D19D81EA25F383900074588C /* Release */,
			);
			defaultConfigurationIsVisible = 0;
			defaultConfigurationName = Release;
		};
		D19D81EB25F383900074588C /* Build configuration list for PBXNativeTarget "PaypayCurrencyConverter" */ = {
			isa = XCConfigurationList;
			buildConfigurations = (
				D19D81EC25F383900074588C /* Debug */,
				D19D81ED25F383900074588C /* Release */,
			);
			defaultConfigurationIsVisible = 0;
			defaultConfigurationName = Release;
		};
		D19D81EE25F383900074588C /* Build configuration list for PBXNativeTarget "PaypayCurrencyConverterTests" */ = {
			isa = XCConfigurationList;
			buildConfigurations = (
				D19D81EF25F383900074588C /* Debug */,
				D19D81F025F383900074588C /* Release */,
			);
			defaultConfigurationIsVisible = 0;
			defaultConfigurationName = Release;
		};
		D19D81F125F383900074588C /* Build configuration list for PBXNativeTarget "PaypayCurrencyConverterUITests" */ = {
			isa = XCConfigurationList;
			buildConfigurations = (
				D19D81F225F383900074588C /* Debug */,
				D19D81F325F383900074588C /* Release */,
			);
			defaultConfigurationIsVisible = 0;
			defaultConfigurationName = Release;
		};
/* End XCConfigurationList section */
	};
	rootObject = D19D81B925F3838D0074588C /* Project object */;
}
